github.com/aws/aws-sdk-go-v2 v1.36.1 h1:iTDl5U6oAhkNPba0e1t1hrwAo02ZMqbrGq4k5JBWM5E=
github.com/aws/aws-sdk-go-v2 v1.36.1/go.mod h1:5PMILGVKiW32oDzjj6RU52yrNrDPUHcbZQYr1sM7qmM=
github.com/aws/aws-sdk-go-v2/feature/dynamodb/attributevalue v1.18.4 h1:phn1rkXqpC2IMSrYF9lC99BnvctRo4ArDG5S8XcoJMA=
github.com/aws/aws-sdk-go-v2/feature/dynamodb/attributevalue v1.18.4/go.mod h1:8Nk8uFZ5rACaV8aiP31yQZPh9kasjSFMDj/GOrFT91E=
github.com/aws/aws-sdk-go-v2/internal/configsources v1.3.32 h1:BjUcr3X3K0wZPGFg2bxOWW3VPN8rkE3/61zhP+IHviA=
github.com/aws/aws-sdk-go-v2/internal/configsources v1.3.32/go.mod h1:80+OGC/bgzzFFTUmcuwD0lb4YutwQeKLFpmt6hoWapU=
github.com/aws/aws-sdk-go-v2/internal/endpoints/v2 v2.6.32 h1:m1GeXHVMJsRsUAqG6HjZWx9dj7F5TR+cF1bjyfYyBd4=
github.com/aws/aws-sdk-go-v2/internal/endpoints/v2 v2.6.32/go.mod h1:IitoQxGfaKdVLNg0hD8/DXmAqNy0H4K2H2Sf91ti8sI=
github.com/aws/aws-sdk-go-v2/service/dynamodb v1.40.1 h1:JUvURAe0mNRzYd+1uTHEiojeyWtNPIQ5EXnDKfgKGUU=
github.com/aws/aws-sdk-go-v2/service/dynamodb v1.40.1/go.mod h1:FcMiR2AALpkrpik6JzbYu+iEfktzrs3XOq5Shk9nvik=
github.com/aws/aws-sdk-go-v2/service/dynamodbstreams v1.24.20 h1:uUTR6EInXq1uf/Bz/0V9bc4jT3sKQ3UuFOjxeUVjeCM=
github.com/aws/aws-sdk-go-v2/service/dynamodbstreams v1.24.20/go.mod h1:jpQRvf4Atm1US92/h+6U3NLeoygPdFid9OYw8awLEa8=
github.com/aws/aws-sdk-go-v2/service/internal/accept-encoding v1.12.2 h1:D4oz8/CzT9bAEYtVhSBmFj2dNOtaHOtMKc2vHBwYizA=
github.com/aws/aws-sdk-go-v2/service/internal/accept-encoding v1.12.2/go.mod h1:Za3IHqTQ+yNcRHxu1OFucBh0ACZT4j4VQFF0BqpZcLY=
github.com/aws/aws-sdk-go-v2/service/internal/endpoint-discovery v1.10.13 h1:eWoHfLIzYeUtJEuoUmD5PwTE+fLaIPN9NZ7UXd9CW0s=
github.com/aws/aws-sdk-go-v2/service/internal/endpoint-discovery v1.10.13/go.mod h1:x5t8Ve0J7JK9VHKSPSRAdBrWAgr/5hH3UeCFMLoyUGQ=
github.com/aws/smithy-go v1.22.2 h1:6D9hW43xKFrRx/tXXfAlIZc4JI+yQe6snnWcQyxSyLQ=
github.com/aws/smithy-go v1.22.2/go.mod h1:irrKGvNn1InZwb2d7fkIRNucdfwR8R+Ts3wxYa/cJHg=
